
Microsoft Visual Studio Solution File, Format Version 12.00
# Visual Studio 15
VisualStudioVersion = 15.0.27428.2037
MinimumVisualStudioVersion = 10.0.40219.1
Project("{8BC9CEB8-8B4A-11D0-8D11-00A0C91BC942}") = "Part1.Task4", "Part1\Task4\Task4.vcxproj", "{501B6681-FA45-4D8B-85C6-85C3FABD0603}"
EndProject
Project("{2150E333-8FDC-42A3-9474-1A3956D46DE8}") = "Part1", "Part1", "{0AC0E724-B294-47D9-ADBD-9B892D4892DA}"
EndProject
Project("{8BC9CEB8-8B4A-11D0-8D11-00A0C91BC942}") = "Part1.Task5", "Part1\Part1.Task5\Part1.Task5.vcxproj", "{D3D6A37F-B1CE-498D-BB67-2FE6DA1EACD4}"
EndProject
Project("{2150E333-8FDC-42A3-9474-1A3956D46DE8}") = "Part2", "Part2", "{A8798B9D-54C1-442B-9120-CCBFD9CA6F53}"
EndProject
Project("{8BC9CEB8-8B4A-11D0-8D11-00A0C91BC942}") = "Part2.Task1", "Part2\Part2.Task1\Part2.Task1.vcxproj", "{020219D4-EED0-42B8-A7EA-95C6989929E9}"
EndProject
Project("{8BC9CEB8-8B4A-11D0-8D11-00A0C91BC942}") = "Part2.Task2A", "Part2\Part2.Task2A\Part2.Task2A.vcxproj", "{3BC16C58-840E-4FDA-9247-6EC350A23505}"
EndProject
Project("{8BC9CEB8-8B4A-11D0-8D11-00A0C91BC942}") = "Part2.Task2B", "Part2\Part2.Task2B\Part2.Task2B.vcxproj", "{E07DE597-D2D2-4C10-BA55-5EC1FF687B90}"
EndProject
Project("{2150E333-8FDC-42A3-9474-1A3956D46DE8}") = "Part3", "Part3", "{742BEBA0-ECBE-4930-960E-0A4B5626AA5B}"
EndProject
Project("{8BC9CEB8-8B4A-11D0-8D11-00A0C91BC942}") = "Part3.Task3", "Part3\Part3.Task3\Part3.Task3.vcxproj", "{FABEF978-CB07-43E3-92FC-79D9815BC5C4}"
EndProject
Project("{2150E333-8FDC-42A3-9474-1A3956D46DE8}") = "Part4", "Part4", "{504CEF33-990D-4EC8-9C44-2169E02CE92C}"
EndProject
Project("{8BC9CEB8-8B4A-11D0-8D11-00A0C91BC942}") = "Part4.Task1", "Part4\Part4.Task1\Part4.Task1.vcxproj", "{2A119CD6-8622-455B-B52F-9B149425B060}"
EndProject
Project("{8BC9CEB8-8B4A-11D0-8D11-00A0C91BC942}") = "Part4.Task2", "Part4\Part4.Task2\Part4.Task2.vcxproj", "{AB89D477-88CF-4407-B38A-B4B6D694EBD6}"
EndProject
Project("{2150E333-8FDC-42A3-9474-1A3956D46DE8}") = "Part7", "Part7", "{F6CB53DB-E26B-4D86-8730-D7B43AF466C2}"
EndProject
Project("{8BC9CEB8-8B4A-11D0-8D11-00A0C91BC942}") = "Part7.Task1", "Part7\Part7.Task1\Part7.Task1.vcxproj", "{F460DE83-7486-468C-8558-C1D343D7693C}"
EndProject
Global
	GlobalSection(SolutionConfigurationPlatforms) = preSolution
		Debug|x64 = Debug|x64
		Debug|x86 = Debug|x86
		Release|x64 = Release|x64
		Release|x86 = Release|x86
	EndGlobalSection
	GlobalSection(ProjectConfigurationPlatforms) = postSolution
		{501B6681-FA45-4D8B-85C6-85C3FABD0603}.Debug|x64.ActiveCfg = Debug|x64
		{501B6681-FA45-4D8B-85C6-85C3FABD0603}.Debug|x64.Build.0 = Debug|x64
		{501B6681-FA45-4D8B-85C6-85C3FABD0603}.Debug|x86.ActiveCfg = Debug|Win32
		{501B6681-FA45-4D8B-85C6-85C3FABD0603}.Debug|x86.Build.0 = Debug|Win32
		{501B6681-FA45-4D8B-85C6-85C3FABD0603}.Release|x64.ActiveCfg = Release|x64
		{501B6681-FA45-4D8B-85C6-85C3FABD0603}.Release|x64.Build.0 = Release|x64
		{501B6681-FA45-4D8B-85C6-85C3FABD0603}.Release|x86.ActiveCfg = Release|Win32
		{501B6681-FA45-4D8B-85C6-85C3FABD0603}.Release|x86.Build.0 = Release|Win32
		{D3D6A37F-B1CE-498D-BB67-2FE6DA1EACD4}.Debug|x64.ActiveCfg = Debug|x64
		{D3D6A37F-B1CE-498D-BB67-2FE6DA1EACD4}.Debug|x64.Build.0 = Debug|x64
		{D3D6A37F-B1CE-498D-BB67-2FE6DA1EACD4}.Debug|x86.ActiveCfg = Debug|Win32
		{D3D6A37F-B1CE-498D-BB67-2FE6DA1EACD4}.Debug|x86.Build.0 = Debug|Win32
		{D3D6A37F-B1CE-498D-BB67-2FE6DA1EACD4}.Release|x64.ActiveCfg = Release|x64
		{D3D6A37F-B1CE-498D-BB67-2FE6DA1EACD4}.Release|x64.Build.0 = Release|x64
		{D3D6A37F-B1CE-498D-BB67-2FE6DA1EACD4}.Release|x86.ActiveCfg = Release|Win32
		{D3D6A37F-B1CE-498D-BB67-2FE6DA1EACD4}.Release|x86.Build.0 = Release|Win32
		{020219D4-EED0-42B8-A7EA-95C6989929E9}.Debug|x64.ActiveCfg = Debug|x64
		{020219D4-EED0-42B8-A7EA-95C6989929E9}.Debug|x64.Build.0 = Debug|x64
		{020219D4-EED0-42B8-A7EA-95C6989929E9}.Debug|x86.ActiveCfg = Debug|Win32
		{020219D4-EED0-42B8-A7EA-95C6989929E9}.Debug|x86.Build.0 = Debug|Win32
		{020219D4-EED0-42B8-A7EA-95C6989929E9}.Release|x64.ActiveCfg = Release|x64
		{020219D4-EED0-42B8-A7EA-95C6989929E9}.Release|x64.Build.0 = Release|x64
		{020219D4-EED0-42B8-A7EA-95C6989929E9}.Release|x86.ActiveCfg = Release|Win32
		{020219D4-EED0-42B8-A7EA-95C6989929E9}.Release|x86.Build.0 = Release|Win32
		{3BC16C58-840E-4FDA-9247-6EC350A23505}.Debug|x64.ActiveCfg = Debug|x64
		{3BC16C58-840E-4FDA-9247-6EC350A23505}.Debug|x64.Build.0 = Debug|x64
		{3BC16C58-840E-4FDA-9247-6EC350A23505}.Debug|x86.ActiveCfg = Debug|Win32
		{3BC16C58-840E-4FDA-9247-6EC350A23505}.Debug|x86.Build.0 = Debug|Win32
		{3BC16C58-840E-4FDA-9247-6EC350A23505}.Release|x64.ActiveCfg = Release|x64
		{3BC16C58-840E-4FDA-9247-6EC350A23505}.Release|x64.Build.0 = Release|x64
		{3BC16C58-840E-4FDA-9247-6EC350A23505}.Release|x86.ActiveCfg = Release|Win32
		{3BC16C58-840E-4FDA-9247-6EC350A23505}.Release|x86.Build.0 = Release|Win32
		{E07DE597-D2D2-4C10-BA55-5EC1FF687B90}.Debug|x64.ActiveCfg = Debug|x64
		{E07DE597-D2D2-4C10-BA55-5EC1FF687B90}.Debug|x64.Build.0 = Debug|x64
		{E07DE597-D2D2-4C10-BA55-5EC1FF687B90}.Debug|x86.ActiveCfg = Debug|Win32
		{E07DE597-D2D2-4C10-BA55-5EC1FF687B90}.Debug|x86.Build.0 = Debug|Win32
		{E07DE597-D2D2-4C10-BA55-5EC1FF687B90}.Release|x64.ActiveCfg = Release|x64
		{E07DE597-D2D2-4C10-BA55-5EC1FF687B90}.Release|x64.Build.0 = Release|x64
		{E07DE597-D2D2-4C10-BA55-5EC1FF687B90}.Release|x86.ActiveCfg = Release|Win32
		{E07DE597-D2D2-4C10-BA55-5EC1FF687B90}.Release|x86.Build.0 = Release|Win32
		{FABEF978-CB07-43E3-92FC-79D9815BC5C4}.Debug|x64.ActiveCfg = Debug|x64
		{FABEF978-CB07-43E3-92FC-79D9815BC5C4}.Debug|x64.Build.0 = Debug|x64
		{FABEF978-CB07-43E3-92FC-79D9815BC5C4}.Debug|x86.ActiveCfg = Debug|Win32
		{FABEF978-CB07-43E3-92FC-79D9815BC5C4}.Debug|x86.Build.0 = Debug|Win32
		{FABEF978-CB07-43E3-92FC-79D9815BC5C4}.Release|x64.ActiveCfg = Release|x64
		{FABEF978-CB07-43E3-92FC-79D9815BC5C4}.Release|x64.Build.0 = Release|x64
		{FABEF978-CB07-43E3-92FC-79D9815BC5C4}.Release|x86.ActiveCfg = Release|Win32
		{FABEF978-CB07-43E3-92FC-79D9815BC5C4}.Release|x86.Build.0 = Release|Win32
		{2A119CD6-8622-455B-B52F-9B149425B060}.Debug|x64.ActiveCfg = Debug|x64
		{2A119CD6-8622-455B-B52F-9B149425B060}.Debug|x64.Build.0 = Debug|x64
		{2A119CD6-8622-455B-B52F-9B149425B060}.Debug|x86.ActiveCfg = Debug|Win32
		{2A119CD6-8622-455B-B52F-9B149425B060}.Debug|x86.Build.0 = Debug|Win32
		{2A119CD6-8622-455B-B52F-9B149425B060}.Release|x64.ActiveCfg = Release|x64
		{2A119CD6-8622-455B-B52F-9B149425B060}.Release|x64.Build.0 = Release|x64
		{2A119CD6-8622-455B-B52F-9B149425B060}.Release|x86.ActiveCfg = Release|Win32
		{2A119CD6-8622-455B-B52F-9B149425B060}.Release|x86.Build.0 = Release|Win32
		{AB89D477-88CF-4407-B38A-B4B6D694EBD6}.Debug|x64.ActiveCfg = Debug|x64
		{AB89D477-88CF-4407-B38A-B4B6D694EBD6}.Debug|x64.Build.0 = Debug|x64
		{AB89D477-88CF-4407-B38A-B4B6D694EBD6}.Debug|x86.ActiveCfg = Debug|Win32
		{AB89D477-88CF-4407-B38A-B4B6D694EBD6}.Debug|x86.Build.0 = Debug|Win32
		{AB89D477-88CF-4407-B38A-B4B6D694EBD6}.Release|x64.ActiveCfg = Release|x64
		{AB89D477-88CF-4407-B38A-B4B6D694EBD6}.Release|x64.Build.0 = Release|x64
		{AB89D477-88CF-4407-B38A-B4B6D694EBD6}.Release|x86.ActiveCfg = Release|Win32
		{AB89D477-88CF-4407-B38A-B4B6D694EBD6}.Release|x86.Build.0 = Release|Win32
		{F460DE83-7486-468C-8558-C1D343D7693C}.Debug|x64.ActiveCfg = Debug|x64
		{F460DE83-7486-468C-8558-C1D343D7693C}.Debug|x64.Build.0 = Debug|x64
		{F460DE83-7486-468C-8558-C1D343D7693C}.Debug|x86.ActiveCfg = Debug|Win32
		{F460DE83-7486-468C-8558-C1D343D7693C}.Debug|x86.Build.0 = Debug|Win32
		{F460DE83-7486-468C-8558-C1D343D7693C}.Release|x64.ActiveCfg = Release|x64
		{F460DE83-7486-468C-8558-C1D343D7693C}.Release|x64.Build.0 = Release|x64
		{F460DE83-7486-468C-8558-C1D343D7693C}.Release|x86.ActiveCfg = Release|Win32
		{F460DE83-7486-468C-8558-C1D343D7693C}.Release|x86.Build.0 = Release|Win32
	EndGlobalSection
	GlobalSection(SolutionProperties) = preSolution
		HideSolutionNode = FALSE
	EndGlobalSection
	GlobalSection(NestedProjects) = preSolution
		{501B6681-FA45-4D8B-85C6-85C3FABD0603} = {0AC0E724-B294-47D9-ADBD-9B892D4892DA}
		{D3D6A37F-B1CE-498D-BB67-2FE6DA1EACD4} = {0AC0E724-B294-47D9-ADBD-9B892D4892DA}
		{020219D4-EED0-42B8-A7EA-95C6989929E9} = {A8798B9D-54C1-442B-9120-CCBFD9CA6F53}
		{3BC16C58-840E-4FDA-9247-6EC350A23505} = {A8798B9D-54C1-442B-9120-CCBFD9CA6F53}
		{E07DE597-D2D2-4C10-BA55-5EC1FF687B90} = {A8798B9D-54C1-442B-9120-CCBFD9CA6F53}
		{FABEF978-CB07-43E3-92FC-79D9815BC5C4} = {742BEBA0-ECBE-4930-960E-0A4B5626AA5B}
		{2A119CD6-8622-455B-B52F-9B149425B060} = {504CEF33-990D-4EC8-9C44-2169E02CE92C}
		{AB89D477-88CF-4407-B38A-B4B6D694EBD6} = {504CEF33-990D-4EC8-9C44-2169E02CE92C}
		{F460DE83-7486-468C-8558-C1D343D7693C} = {F6CB53DB-E26B-4D86-8730-D7B43AF466C2}
	EndGlobalSection
	GlobalSection(ExtensibilityGlobals) = postSolution
		SolutionGuid = {C059F497-47CA-4CEE-BE7F-D76405C3B5DD}
	EndGlobalSection
EndGlobal
